
Microsoft Visual Studio Solution File, Format Version 12.00
# Visual Studio Version 17
VisualStudioVersion = 17.5.002.0
MinimumVisualStudioVersion = 10.0.40219.1
Project("{9A19103F-16F7-4668-BE54-9A1E7A4F7556}") = "LoginAuthenticator.API", "LoginAuthenticator.API\LoginAuthenticator.API.csproj", "{DB1094D4-5994-4E77-86A2-9784DC56983E}"
EndProject
Global
	GlobalSection(SolutionConfigurationPlatforms) = preSolution
		Debug|Any CPU = Debug|Any CPU
		Release|Any CPU = Release|Any CPU
	EndGlobalSection
	GlobalSection(ProjectConfigurationPlatforms) = postSolution
		{DB1094D4-5994-4E77-86A2-9784DC56983E}.Debug|Any CPU.ActiveCfg = Debug|Any CPU
		{DB1094D4-5994-4E77-86A2-9784DC56983E}.Debug|Any CPU.Build.0 = Debug|Any CPU
		{DB1094D4-5994-4E77-86A2-9784DC56983E}.Release|Any CPU.ActiveCfg = Release|Any CPU
		{DB1094D4-5994-4E77-86A2-9784DC56983E}.Release|Any CPU.Build.0 = Release|Any CPU
	EndGlobalSection
	GlobalSection(SolutionProperties) = preSolution
		HideSolutionNode = FALSE
	EndGlobalSection
	GlobalSection(ExtensibilityGlobals) = postSolution
		SolutionGuid = {F0D05854-4CC9-406C-B02D-4B6FD7615397}
	EndGlobalSection
EndGlobal
