
Microsoft Visual Studio Solution File, Format Version 12.00
# Visual Studio Version 17
VisualStudioVersion = 17.5.002.0
MinimumVisualStudioVersion = 10.0.40219.1
Project("{9A19103F-16F7-4668-BE54-9A1E7A4F7556}") = "LoginAuthenticator.API", "LoginAuthenticator.API.csproj", "{B0CD5136-65DA-4E7B-A0B7-3BC6AC3AFD51}"
EndProject
Global
	GlobalSection(SolutionConfigurationPlatforms) = preSolution
		Debug|Any CPU = Debug|Any CPU
		Release|Any CPU = Release|Any CPU
	EndGlobalSection
	GlobalSection(ProjectConfigurationPlatforms) = postSolution
		{B0CD5136-65DA-4E7B-A0B7-3BC6AC3AFD51}.Debug|Any CPU.ActiveCfg = Debug|Any CPU
		{B0CD5136-65DA-4E7B-A0B7-3BC6AC3AFD51}.Debug|Any CPU.Build.0 = Debug|Any CPU
		{B0CD5136-65DA-4E7B-A0B7-3BC6AC3AFD51}.Release|Any CPU.ActiveCfg = Release|Any CPU
		{B0CD5136-65DA-4E7B-A0B7-3BC6AC3AFD51}.Release|Any CPU.Build.0 = Release|Any CPU
	EndGlobalSection
	GlobalSection(SolutionProperties) = preSolution
		HideSolutionNode = FALSE
	EndGlobalSection
	GlobalSection(ExtensibilityGlobals) = postSolution
		SolutionGuid = {52CF7E84-9081-4943-A1C6-ECCB7411A362}
	EndGlobalSection
EndGlobal
